// !$*UTF8*$!
{
	archiveVersion = 1;
	classes = {
	};
	objectVersion = 46;
	objects = {

/* Begin PBXBuildFile section */
		FD8F2FE81D06C87E004B9DD4 /* AppDelegate.swift in Sources */ = {isa = PBXBuildFile; fileRef = FD8F2FE71D06C87E004B9DD4 /* AppDelegate.swift */; };
		FD8F2FEA1D06C87E004B9DD4 /* ViewController.swift in Sources */ = {isa = PBXBuildFile; fileRef = FD8F2FE91D06C87E004B9DD4 /* ViewController.swift */; };
		FD8F2FEC1D06C87E004B9DD4 /* Assets.xcassets in Resources */ = {isa = PBXBuildFile; fileRef = FD8F2FEB1D06C87E004B9DD4 /* Assets.xcassets */; };
		FD8F2FEF1D06C87E004B9DD4 /* Main.storyboard in Resources */ = {isa = PBXBuildFile; fileRef = FD8F2FED1D06C87E004B9DD4 /* Main.storyboard */; };
		FD8F2FFE1D06EE28004B9DD4 /* Witness.framework in Frameworks */ = {isa = PBXBuildFile; fileRef = FD8F2FFD1D06EE27004B9DD4 /* Witness.framework */; };
		FD8F2FFF1D06EE28004B9DD4 /* Witness.framework in Embed Frameworks */ = {isa = PBXBuildFile; fileRef = FD8F2FFD1D06EE27004B9DD4 /* Witness.framework */; settings = {ATTRIBUTES = (CodeSignOnCopy, RemoveHeadersOnCopy, ); }; };
/* End PBXBuildFile section */

/* Begin PBXCopyFilesBuildPhase section */
		FD8F30001D06EE28004B9DD4 /* Embed Frameworks */ = {
			isa = PBXCopyFilesBuildPhase;
			buildActionMask = 2147483647;
			dstPath = "";
			dstSubfolderSpec = 10;
			files = (
				FD8F2FFF1D06EE28004B9DD4 /* Witness.framework in Embed Frameworks */,
			);
			name = "Embed Frameworks";
			runOnlyForDeploymentPostprocessing = 0;
		};
/* End PBXCopyFilesBuildPhase section */

/* Begin PBXFileReference section */
		FD8F2FE41D06C87E004B9DD4 /* WitnessDemo.app */ = {isa = PBXFileReference; explicitFileType = wrapper.application; includeInIndex = 0; path = WitnessDemo.app; sourceTree = BUILT_PRODUCTS_DIR; };
		FD8F2FE71D06C87E004B9DD4 /* AppDelegate.swift */ = {isa = PBXFileReference; lastKnownFileType = sourcecode.swift; path = AppDelegate.swift; sourceTree = "<group>"; };
		FD8F2FE91D06C87E004B9DD4 /* ViewController.swift */ = {isa = PBXFileReference; lastKnownFileType = sourcecode.swift; path = ViewController.swift; sourceTree = "<group>"; };
		FD8F2FEB1D06C87E004B9DD4 /* Assets.xcassets */ = {isa = PBXFileReference; lastKnownFileType = folder.assetcatalog; path = Assets.xcassets; sourceTree = "<group>"; };
		FD8F2FEE1D06C87E004B9DD4 /* Base */ = {isa = PBXFileReference; lastKnownFileType = file.storyboard; name = Base; path = Base.lproj/Main.storyboard; sourceTree = "<group>"; };
		FD8F2FF01D06C87E004B9DD4 /* Info.plist */ = {isa = PBXFileReference; lastKnownFileType = text.plist.xml; path = Info.plist; sourceTree = "<group>"; };
		FD8F2FFD1D06EE27004B9DD4 /* Witness.framework */ = {isa = PBXFileReference; lastKnownFileType = wrapper.framework; name = Witness.framework; path = ../Carthage/Build/Mac/Witness.framework; sourceTree = "<group>"; };
/* End PBXFileReference section */

/* Begin PBXFrameworksBuildPhase section */
		FD8F2FE11D06C87E004B9DD4 /* Frameworks */ = {
			isa = PBXFrameworksBuildPhase;
			buildActionMask = 2147483647;
			files = (
				FD8F2FFE1D06EE28004B9DD4 /* Witness.framework in Frameworks */,
			);
			runOnlyForDeploymentPostprocessing = 0;
		};
/* End PBXFrameworksBuildPhase section */

/* Begin PBXGroup section */
		FD8F2FDB1D06C87E004B9DD4 = {
			isa = PBXGroup;
			children = (
				FD8F2FFD1D06EE27004B9DD4 /* Witness.framework */,
				FD8F2FE61D06C87E004B9DD4 /* WitnessDemo */,
				FD8F2FE51D06C87E004B9DD4 /* Products */,
			);
			sourceTree = "<group>";
		};
		FD8F2FE51D06C87E004B9DD4 /* Products */ = {
			isa = PBXGroup;
			children = (
				FD8F2FE41D06C87E004B9DD4 /* WitnessDemo.app */,
			);
			name = Products;
			sourceTree = "<group>";
		};
		FD8F2FE61D06C87E004B9DD4 /* WitnessDemo */ = {
			isa = PBXGroup;
			children = (
				FD8F2FE71D06C87E004B9DD4 /* AppDelegate.swift */,
				FD8F2FE91D06C87E004B9DD4 /* ViewController.swift */,
				FD8F2FEB1D06C87E004B9DD4 /* Assets.xcassets */,
				FD8F2FED1D06C87E004B9DD4 /* Main.storyboard */,
				FD8F2FF01D06C87E004B9DD4 /* Info.plist */,
			);
			path = WitnessDemo;
			sourceTree = "<group>";
		};
/* End PBXGroup section */

/* Begin PBXNativeTarget section */
		FD8F2FE31D06C87E004B9DD4 /* WitnessDemo */ = {
			isa = PBXNativeTarget;
			buildConfigurationList = FD8F2FF31D06C87E004B9DD4 /* Build configuration list for PBXNativeTarget "WitnessDemo" */;
			buildPhases = (
				FD8F2FE01D06C87E004B9DD4 /* Sources */,
				FD8F2FE11D06C87E004B9DD4 /* Frameworks */,
				FD8F2FE21D06C87E004B9DD4 /* Resources */,
				FD8F30001D06EE28004B9DD4 /* Embed Frameworks */,
			);
			buildRules = (
			);
			dependencies = (
			);
			name = WitnessDemo;
			productName = WitnessDemo;
			productReference = FD8F2FE41D06C87E004B9DD4 /* WitnessDemo.app */;
			productType = "com.apple.product-type.application";
		};
/* End PBXNativeTarget section */

/* Begin PBXProject section */
		FD8F2FDC1D06C87E004B9DD4 /* Project object */ = {
			isa = PBXProject;
			attributes = {
				LastSwiftUpdateCheck = 0730;
				LastUpgradeCheck = 0730;
				ORGANIZATIONNAME = "Invisible Pixel";
				TargetAttributes = {
					FD8F2FE31D06C87E004B9DD4 = {
						CreatedOnToolsVersion = 7.3.1;
					};
				};
			};
			buildConfigurationList = FD8F2FDF1D06C87E004B9DD4 /* Build configuration list for PBXProject "WitnessDemo" */;
			compatibilityVersion = "Xcode 3.2";
			developmentRegion = English;
			hasScannedForEncodings = 0;
			knownRegions = (
				en,
				Base,
			);
			mainGroup = FD8F2FDB1D06C87E004B9DD4;
			productRefGroup = FD8F2FE51D06C87E004B9DD4 /* Products */;
			projectDirPath = "";
			projectRoot = "";
			targets = (
				FD8F2FE31D06C87E004B9DD4 /* WitnessDemo */,
			);
		};
/* End PBXProject section */

/* Begin PBXResourcesBuildPhase section */
		FD8F2FE21D06C87E004B9DD4 /* Resources */ = {
			isa = PBXResourcesBuildPhase;
			buildActionMask = 2147483647;
			files = (
				FD8F2FEC1D06C87E004B9DD4 /* Assets.xcassets in Resources */,
				FD8F2FEF1D06C87E004B9DD4 /* Main.storyboard in Resources */,
			);
			runOnlyForDeploymentPostprocessing = 0;
		};
/* End PBXResourcesBuildPhase section */

/* Begin PBXSourcesBuildPhase section */
		FD8F2FE01D06C87E004B9DD4 /* Sources */ = {
			isa = PBXSourcesBuildPhase;
			buildActionMask = 2147483647;
			files = (
				FD8F2FEA1D06C87E004B9DD4 /* ViewController.swift in Sources */,
				FD8F2FE81D06C87E004B9DD4 /* AppDelegate.swift in Sources */,
			);
			runOnlyForDeploymentPostprocessing = 0;
		};
/* End PBXSourcesBuildPhase section */

/* Begin PBXVariantGroup section */
		FD8F2FED1D06C87E004B9DD4 /* Main.storyboard */ = {
			isa = PBXVariantGroup;
			children = (
				FD8F2FEE1D06C87E004B9DD4 /* Base */,
			);
			name = Main.storyboard;
			sourceTree = "<group>";
		};
/* End PBXVariantGroup section */

/* Begin XCBuildConfiguration section */
		FD8F2FF11D06C87E004B9DD4 /* Debug */ = {
			isa = XCBuildConfiguration;
			buildSettings = {
				ALWAYS_SEARCH_USER_PATHS = NO;
				CLANG_ANALYZER_NONNULL = YES;
				CLANG_CXX_LANGUAGE_STANDARD = "gnu++0x";
				CLANG_CXX_LIBRARY = "libc++";
				CLANG_ENABLE_MODULES = YES;
				CLANG_ENABLE_OBJC_ARC = YES;
				CLANG_WARN_BOOL_CONVERSION = YES;
				CLANG_WARN_CONSTANT_CONVERSION = YES;
				CLANG_WARN_DIRECT_OBJC_ISA_USAGE = YES_ERROR;
				CLANG_WARN_EMPTY_BODY = YES;
				CLANG_WARN_ENUM_CONVERSION = YES;
				CLANG_WARN_INT_CONVERSION = YES;
				CLANG_WARN_OBJC_ROOT_CLASS = YES_ERROR;
				CLANG_WARN_UNREACHABLE_CODE = YES;
				CLANG_WARN__DUPLICATE_METHOD_MATCH = YES;
				CODE_SIGN_IDENTITY = "-";
				COPY_PHASE_STRIP = NO;
				DEBUG_INFORMATION_FORMAT = dwarf;
				ENABLE_STRICT_OBJC_MSGSEND = YES;
				ENABLE_TESTABILITY = YES;
				GCC_C_LANGUAGE_STANDARD = gnu99;
				GCC_DYNAMIC_NO_PIC = NO;
				GCC_NO_COMMON_BLOCKS = YES;
				GCC_OPTIMIZATION_LEVEL = 0;
				GCC_PREPROCESSOR_DEFINITIONS = (
					"DEBUG=1",
					"$(inherited)",
				);
				GCC_WARN_64_TO_32_BIT_CONVERSION = YES;
				GCC_WARN_ABOUT_RETURN_TYPE = YES_ERROR;
				GCC_WARN_UNDECLARED_SELECTOR = YES;
				GCC_WARN_UNINITIALIZED_AUTOS = YES_AGGRESSIVE;
				GCC_WARN_UNUSED_FUNCTION = YES;
				GCC_WARN_UNUSED_VARIABLE = YES;
				MACOSX_DEPLOYMENT_TARGET = 10.11;
				MTL_ENABLE_DEBUG_INFO = YES;
				ONLY_ACTIVE_ARCH = YES;
				SDKROOT = macosx;
				SWIFT_OPTIMIZATION_LEVEL = "-Onone";
			};
			name = Debug;
		};
		FD8F2FF21D06C87E004B9DD4 /* Release */ = {
			isa = XCBuildConfiguration;
			buildSettings = {
				ALWAYS_SEARCH_USER_PATHS = NO;
				CLANG_ANALYZER_NONNULL = YES;
				CLANG_CXX_LANGUAGE_STANDARD = "gnu++0x";
				CLANG_CXX_LIBRARY = "libc++";
				CLANG_ENABLE_MODULES = YES;
				CLANG_ENABLE_OBJC_ARC = YES;
				CLANG_WARN_BOOL_CONVERSION = YES;
				CLANG_WARN_CONSTANT_CONVERSION = YES;
				CLANG_WARN_DIRECT_OBJC_ISA_USAGE = YES_ERROR;
				CLANG_WARN_EMPTY_BODY = YES;
				CLANG_WARN_ENUM_CONVERSION = YES;
				CLANG_WARN_INT_CONVERSION = YES;
				CLANG_WARN_OBJC_ROOT_CLASS = YES_ERROR;
				CLANG_WARN_UNREACHABLE_CODE = YES;
				CLANG_WARN__DUPLICATE_METHOD_MATCH = YES;
				CODE_SIGN_IDENTITY = "-";
				COPY_PHASE_STRIP = NO;
				DEBUG_INFORMATION_FORMAT = "dwarf-with-dsym";
				ENABLE_NS_ASSERTIONS = NO;
				ENABLE_STRICT_OBJC_MSGSEND = YES;
				GCC_C_LANGUAGE_STANDARD = gnu99;
				GCC_NO_COMMON_BLOCKS = YES;
				GCC_WARN_64_TO_32_BIT_CONVERSION = YES;
				GCC_WARN_ABOUT_RETURN_TYPE = YES_ERROR;
				GCC_WARN_UNDECLARED_SELECTOR = YES;
				GCC_WARN_UNINITIALIZED_AUTOS = YES_AGGRESSIVE;
				GCC_WARN_UNUSED_FUNCTION = YES;
				GCC_WARN_UNUSED_VARIABLE = YES;
				MACOSX_DEPLOYMENT_TARGET = 10.11;
				MTL_ENABLE_DEBUG_INFO = NO;
				SDKROOT = macosx;
			};
			name = Release;
		};
		FD8F2FF41D06C87E004B9DD4 /* Debug */ = {
			isa = XCBuildConfiguration;
			buildSettings = {
				ASSETCATALOG_COMPILER_APPICON_NAME = AppIcon;
				COMBINE_HIDPI_IMAGES = YES;
				FRAMEWORK_SEARCH_PATHS = (
					"$(inherited)",
					"$(PROJECT_DIR)/../Carthage/Build/Mac",
				);
				INFOPLIST_FILE = WitnessDemo/Info.plist;
				LD_RUNPATH_SEARCH_PATHS = "$(inherited) @executable_path/../Frameworks";
				PRODUCT_BUNDLE_IDENTIFIER = com.invisiblepixel.WitnessDemo;
				PRODUCT_NAME = "$(TARGET_NAME)";
			};
			name = Debug;
		};
		FD8F2FF51D06C87E004B9DD4 /* Release */ = {
			isa = XCBuildConfiguration;
			buildSettings = {
				ASSETCATALOG_COMPILER_APPICON_NAME = AppIcon;
				COMBINE_HIDPI_IMAGES = YES;
				FRAMEWORK_SEARCH_PATHS = (
					"$(inherited)",
					"$(PROJECT_DIR)/../Carthage/Build/Mac",
				);
				INFOPLIST_FILE = WitnessDemo/Info.plist;
				LD_RUNPATH_SEARCH_PATHS = "$(inherited) @executable_path/../Frameworks";
				PRODUCT_BUNDLE_IDENTIFIER = com.invisiblepixel.WitnessDemo;
				PRODUCT_NAME = "$(TARGET_NAME)";
			};
			name = Release;
		};
/* End XCBuildConfiguration section */

/* Begin XCConfigurationList section */
		FD8F2FDF1D06C87E004B9DD4 /* Build configuration list for PBXProject "WitnessDemo" */ = {
			isa = XCConfigurationList;
			buildConfigurations = (
				FD8F2FF11D06C87E004B9DD4 /* Debug */,
				FD8F2FF21D06C87E004B9DD4 /* Release */,
			);
			defaultConfigurationIsVisible = 0;
			defaultConfigurationName = Release;
		};
		FD8F2FF31D06C87E004B9DD4 /* Build configuration list for PBXNativeTarget "WitnessDemo" */ = {
			isa = XCConfigurationList;
			buildConfigurations = (
				FD8F2FF41D06C87E004B9DD4 /* Debug */,
				FD8F2FF51D06C87E004B9DD4 /* Release */,
			);
			defaultConfigurationIsVisible = 0;
			defaultConfigurationName = Release;
		};
/* End XCConfigurationList section */
	};
	rootObject = FD8F2FDC1D06C87E004B9DD4 /* Project object */;
}
